
Microsoft Visual Studio Solution File, Format Version 12.00
# Visual Studio Version 17
VisualStudioVersion = 17.4.33403.182
MinimumVisualStudioVersion = 10.0.40219.1
Project("{9092AA53-FB77-4645-B42D-1CCCA6BD08BD}") = "SkillSwapApp", "SkillSwapApp\SkillSwapApp.njsproj", "{A7269C46-8176-4F56-A0C9-50A9FBB888EC}"
EndProject
Global
	GlobalSection(SolutionConfigurationPlatforms) = preSolution
		Debug|Any CPU = Debug|Any CPU
		Release|Any CPU = Release|Any CPU
	EndGlobalSection
	GlobalSection(ProjectConfigurationPlatforms) = postSolution
		{A7269C46-8176-4F56-A0C9-50A9FBB888EC}.Debug|Any CPU.ActiveCfg = Debug|Any CPU
		{A7269C46-8176-4F56-A0C9-50A9FBB888EC}.Debug|Any CPU.Build.0 = Debug|Any CPU
		{A7269C46-8176-4F56-A0C9-50A9FBB888EC}.Release|Any CPU.ActiveCfg = Release|Any CPU
		{A7269C46-8176-4F56-A0C9-50A9FBB888EC}.Release|Any CPU.Build.0 = Release|Any CPU
	EndGlobalSection
	GlobalSection(SolutionProperties) = preSolution
		HideSolutionNode = FALSE
	EndGlobalSection
	GlobalSection(ExtensibilityGlobals) = postSolution
		SolutionGuid = {769B9136-8AF0-4A01-B621-CF463F7023C6}
	EndGlobalSection
EndGlobal
